
Microsoft Visual Studio Solution File, Format Version 12.00
# Visual Studio Version 16
VisualStudioVersion = 16.0.31624.102
MinimumVisualStudioVersion = 10.0.40219.1
Project("{9A19103F-16F7-4668-BE54-9A1E7A4F7556}") = "Krcma.Eshop.Web", "Krcma.Eshop.Web\Krcma.Eshop.Web.csproj", "{6456DDB6-3ED8-424E-B93B-B63F9FC801C8}"
EndProject
Project("{FAE04EC0-301F-11D3-BF4B-00C04F79EFBC}") = "Krcma.Eshop.Tests", "Krcma.Eshop.Tests\Krcma.Eshop.Tests.csproj", "{4FC168A3-BD88-401E-B601-DE9AAA4441F0}"
EndProject
Global
	GlobalSection(SolutionConfigurationPlatforms) = preSolution
		Debug|Any CPU = Debug|Any CPU
		Release|Any CPU = Release|Any CPU
	EndGlobalSection
	GlobalSection(ProjectConfigurationPlatforms) = postSolution
		{6456DDB6-3ED8-424E-B93B-B63F9FC801C8}.Debug|Any CPU.ActiveCfg = Debug|Any CPU
		{6456DDB6-3ED8-424E-B93B-B63F9FC801C8}.Debug|Any CPU.Build.0 = Debug|Any CPU
		{6456DDB6-3ED8-424E-B93B-B63F9FC801C8}.Release|Any CPU.ActiveCfg = Release|Any CPU
		{6456DDB6-3ED8-424E-B93B-B63F9FC801C8}.Release|Any CPU.Build.0 = Release|Any CPU
		{4FC168A3-BD88-401E-B601-DE9AAA4441F0}.Debug|Any CPU.ActiveCfg = Debug|Any CPU
		{4FC168A3-BD88-401E-B601-DE9AAA4441F0}.Debug|Any CPU.Build.0 = Debug|Any CPU
		{4FC168A3-BD88-401E-B601-DE9AAA4441F0}.Release|Any CPU.ActiveCfg = Release|Any CPU
		{4FC168A3-BD88-401E-B601-DE9AAA4441F0}.Release|Any CPU.Build.0 = Release|Any CPU
	EndGlobalSection
	GlobalSection(SolutionProperties) = preSolution
		HideSolutionNode = FALSE
	EndGlobalSection
	GlobalSection(ExtensibilityGlobals) = postSolution
		SolutionGuid = {5213E9C4-FA7B-4B11-9581-C74BFBD2A431}
	EndGlobalSection
EndGlobal
